github.com/google/go-cmp v0.4.1/go.mod h1:v8dTdLbMG2kIc/vJvl+f65V22dbkXbowE6jgT/gNBxE=
github.com/sethvargo/go-envconfig v0.3.2 h1:277Lb2iTpUZjUZu1qLoLa/aetwvtZbKh8wNWXmc6dSk=
github.com/sethvargo/go-envconfig v0.3.2/go.mod h1:XZ2JRR7vhlBEO5zMmOpLgUhgYltqYqq4d4tKagtPUv0=
github.com/sethvargo/go-envconfig v0.3.4 h1:uKhjha5SuTDzu7fXMuOcFkWrKrvwEJ98+rkecEhEN4k=
github.com/sethvargo/go-envconfig v0.3.4/go.mod h1:XZ2JRR7vhlBEO5zMmOpLgUhgYltqYqq4d4tKagtPUv0=
golang.org/x/xerrors v0.0.0-20191204190536-9bdfabe68543/go.mod h1:I/5z698sn9Ka8TeJc9MKroUUfqBBauWjQqLJ2OPfmY0=
